// !$*UTF8*$!
{
	archiveVersion = 1;
	classes = {
	};
	objectVersion = 48;
	objects = {

/* Begin PBXBuildFile section */
		E90D6839205B65D00038E2DF /* UITextFieldTableViewCell.swift in Sources */ = {isa = PBXBuildFile; fileRef = E90D6837205B65CF0038E2DF /* UITextFieldTableViewCell.swift */; };
		E90D683A205B65D00038E2DF /* UITextFieldTableViewCell.xib in Resources */ = {isa = PBXBuildFile; fileRef = E90D6838205B65CF0038E2DF /* UITextFieldTableViewCell.xib */; };
		E90D683C205B65F00038E2DF /* UIValidatedTextField.swift in Sources */ = {isa = PBXBuildFile; fileRef = E90D683B205B65F00038E2DF /* UIValidatedTextField.swift */; };
		E972ADBA20618A3D00B26980 /* SessionDetailedViewController.swift in Sources */ = {isa = PBXBuildFile; fileRef = E972ADB820618A3D00B26980 /* SessionDetailedViewController.swift */; };
		E972ADBB20618A3D00B26980 /* SessionDetailedViewController.xib in Resources */ = {isa = PBXBuildFile; fileRef = E972ADB920618A3D00B26980 /* SessionDetailedViewController.xib */; };
		E972ADBD20618A5F00B26980 /* SessionDetailedViewModel.swift in Sources */ = {isa = PBXBuildFile; fileRef = E972ADBC20618A5F00B26980 /* SessionDetailedViewModel.swift */; };
		E972ADBF20618EC500B26980 /* Temp.xib in Resources */ = {isa = PBXBuildFile; fileRef = E972ADBE20618EC500B26980 /* Temp.xib */; };
		E972ADC12061925400B26980 /* AssignmentNavigationViewController.swift in Sources */ = {isa = PBXBuildFile; fileRef = E972ADC02061925400B26980 /* AssignmentNavigationViewController.swift */; };
		E972ADC32061933500B26980 /* AssignmentSessionViewController.swift in Sources */ = {isa = PBXBuildFile; fileRef = E972ADC22061933500B26980 /* AssignmentSessionViewController.swift */; };
		E972ADC52061935600B26980 /* AssignmentNotesViewController.swift in Sources */ = {isa = PBXBuildFile; fileRef = E972ADC42061935600B26980 /* AssignmentNotesViewController.swift */; };
		E97DF434205305F80050EA21 /* AppDelegate.swift in Sources */ = {isa = PBXBuildFile; fileRef = E97DF433205305F80050EA21 /* AppDelegate.swift */; };
		E97DF439205305F80050EA21 /* Main.storyboard in Resources */ = {isa = PBXBuildFile; fileRef = E97DF437205305F80050EA21 /* Main.storyboard */; };
		E97DF43C205305F80050EA21 /* Assigned.xcdatamodeld in Sources */ = {isa = PBXBuildFile; fileRef = E97DF43A205305F80050EA21 /* Assigned.xcdatamodeld */; };
		E97DF43E205305F80050EA21 /* Assets.xcassets in Resources */ = {isa = PBXBuildFile; fileRef = E97DF43D205305F80050EA21 /* Assets.xcassets */; };
		E97DF441205305F80050EA21 /* LaunchScreen.storyboard in Resources */ = {isa = PBXBuildFile; fileRef = E97DF43F205305F80050EA21 /* LaunchScreen.storyboard */; };
		E97DF44C205305F80050EA21 /* AssignedTests.swift in Sources */ = {isa = PBXBuildFile; fileRef = E97DF44B205305F80050EA21 /* AssignedTests.swift */; };
		E97DF457205305F80050EA21 /* AssignedUITests.swift in Sources */ = {isa = PBXBuildFile; fileRef = E97DF456205305F80050EA21 /* AssignedUITests.swift */; };
		E97DF46C20530C2E0050EA21 /* Session+CoreDataClass.swift in Sources */ = {isa = PBXBuildFile; fileRef = E97DF46820530C2E0050EA21 /* Session+CoreDataClass.swift */; };
		E97DF46E20530C2E0050EA21 /* Assignment+CoreDataClass.swift in Sources */ = {isa = PBXBuildFile; fileRef = E97DF46A20530C2E0050EA21 /* Assignment+CoreDataClass.swift */; };
		E980645B205335C100073B33 /* Folder+CoreDataClass.swift in Sources */ = {isa = PBXBuildFile; fileRef = E980645A205335C100073B33 /* Folder+CoreDataClass.swift */; };
		E980645D2054B1CC00073B33 /* AssignmentTableViewCellModel.swift in Sources */ = {isa = PBXBuildFile; fileRef = E980645C2054B1CC00073B33 /* AssignmentTableViewCellModel.swift */; };
		E980645F2054B4FF00073B33 /* AssignmentViewController.swift in Sources */ = {isa = PBXBuildFile; fileRef = E980645E2054B4FF00073B33 /* AssignmentViewController.swift */; };
		E98064622054E5F400073B33 /* AssignmentViewModel.swift in Sources */ = {isa = PBXBuildFile; fileRef = E98064612054E5F400073B33 /* AssignmentViewModel.swift */; };
		E98064662054E68C00073B33 /* Assignment.storyboard in Resources */ = {isa = PBXBuildFile; fileRef = E98064652054E68C00073B33 /* Assignment.storyboard */; };
		E98064692054FAD700073B33 /* UITaskTableViewCell.swift in Sources */ = {isa = PBXBuildFile; fileRef = E98064672054FAD700073B33 /* UITaskTableViewCell.swift */; };
		E98E2F152054FD3300B1624A /* Task+CoreDataClass.swift in Sources */ = {isa = PBXBuildFile; fileRef = E98E2F132054FD3300B1624A /* Task+CoreDataClass.swift */; };
		E98E2F182055065100B1624A /* UITaskTableViewCell.xib in Resources */ = {isa = PBXBuildFile; fileRef = E98E2F172055065000B1624A /* UITaskTableViewCell.xib */; };
		E99D7C12205B1B0400FE7B07 /* UITimeBox.swift in Sources */ = {isa = PBXBuildFile; fileRef = E99D7C11205B1B0400FE7B07 /* UITimeBox.swift */; };
		E99D7C14205B370800FE7B07 /* UITaskTableViewCell-TextField.xib in Resources */ = {isa = PBXBuildFile; fileRef = E99D7C13205B370800FE7B07 /* UITaskTableViewCell-TextField.xib */; };
		E9C5D5CE20588A0800C42821 /* UICheckbox.swift in Sources */ = {isa = PBXBuildFile; fileRef = E9C5D5CD20588A0800C42821 /* UICheckbox.swift */; };
		E9C5D5D020588FA100C42821 /* UIPriorityBox.swift in Sources */ = {isa = PBXBuildFile; fileRef = E9C5D5CF20588FA100C42821 /* UIPriorityBox.swift */; };
		E9CA1C102053144100B8936E /* PersistenceStack.swift in Sources */ = {isa = PBXBuildFile; fileRef = E9CA1C0F2053144100B8936E /* PersistenceStack.swift */; };
		E9CA1C162053178500B8936E /* UIAssignmentTableViewCell.swift in Sources */ = {isa = PBXBuildFile; fileRef = E9CA1C142053178500B8936E /* UIAssignmentTableViewCell.swift */; };
		E9CA1C172053178500B8936E /* UIAssignmentTableViewCell.xib in Resources */ = {isa = PBXBuildFile; fileRef = E9CA1C152053178500B8936E /* UIAssignmentTableViewCell.xib */; };
		E9CA1C1920531A7800B8936E /* OrganizeTableViewController.swift in Sources */ = {isa = PBXBuildFile; fileRef = E9CA1C1820531A7800B8936E /* OrganizeTableViewController.swift */; };
		E9CA1C1B20531E3600B8936E /* OragnizeViewModel.swift in Sources */ = {isa = PBXBuildFile; fileRef = E9CA1C1A20531E3600B8936E /* OragnizeViewModel.swift */; };
		E9CA1C1D20531F4300B8936E /* FetchedResultsTableViewController.swift in Sources */ = {isa = PBXBuildFile; fileRef = E9CA1C1C20531F4300B8936E /* FetchedResultsTableViewController.swift */; };
		E9CA1C1F2053208200B8936E /* UniversalExtentions.swift in Sources */ = {isa = PBXBuildFile; fileRef = E9CA1C1E2053208200B8936E /* UniversalExtentions.swift */; };
		E9D51D7D20532877006D8CEF /* DirectoryInfo+CoreDataClass.swift in Sources */ = {isa = PBXBuildFile; fileRef = E9D51D7920532877006D8CEF /* DirectoryInfo+CoreDataClass.swift */; };
		E9D51D7F20532877006D8CEF /* Directory+CoreDataClass.swift in Sources */ = {isa = PBXBuildFile; fileRef = E9D51D7B20532877006D8CEF /* Directory+CoreDataClass.swift */; };
/* End PBXBuildFile section */

/* Begin PBXContainerItemProxy section */
		E97DF448205305F80050EA21 /* PBXContainerItemProxy */ = {
			isa = PBXContainerItemProxy;
			containerPortal = E97DF428205305F80050EA21 /* Project object */;
			proxyType = 1;
			remoteGlobalIDString = E97DF42F205305F80050EA21;
			remoteInfo = Assigned;
		};
		E97DF453205305F80050EA21 /* PBXContainerItemProxy */ = {
			isa = PBXContainerItemProxy;
			containerPortal = E97DF428205305F80050EA21 /* Project object */;
			proxyType = 1;
			remoteGlobalIDString = E97DF42F205305F80050EA21;
			remoteInfo = Assigned;
		};
/* End PBXContainerItemProxy section */

/* Begin PBXFileReference section */
		E90D6837205B65CF0038E2DF /* UITextFieldTableViewCell.swift */ = {isa = PBXFileReference; lastKnownFileType = sourcecode.swift; path = UITextFieldTableViewCell.swift; sourceTree = "<group>"; };
		E90D6838205B65CF0038E2DF /* UITextFieldTableViewCell.xib */ = {isa = PBXFileReference; lastKnownFileType = file.xib; path = UITextFieldTableViewCell.xib; sourceTree = "<group>"; };
		E90D683B205B65F00038E2DF /* UIValidatedTextField.swift */ = {isa = PBXFileReference; lastKnownFileType = sourcecode.swift; path = UIValidatedTextField.swift; sourceTree = "<group>"; };
		E972ADB820618A3D00B26980 /* SessionDetailedViewController.swift */ = {isa = PBXFileReference; lastKnownFileType = sourcecode.swift; path = SessionDetailedViewController.swift; sourceTree = "<group>"; };
		E972ADB920618A3D00B26980 /* SessionDetailedViewController.xib */ = {isa = PBXFileReference; lastKnownFileType = file.xib; path = SessionDetailedViewController.xib; sourceTree = "<group>"; };
		E972ADBC20618A5F00B26980 /* SessionDetailedViewModel.swift */ = {isa = PBXFileReference; lastKnownFileType = sourcecode.swift; path = SessionDetailedViewModel.swift; sourceTree = "<group>"; };
		E972ADBE20618EC500B26980 /* Temp.xib */ = {isa = PBXFileReference; lastKnownFileType = file.xib; path = Temp.xib; sourceTree = "<group>"; };
		E972ADC02061925400B26980 /* AssignmentNavigationViewController.swift */ = {isa = PBXFileReference; lastKnownFileType = sourcecode.swift; path = AssignmentNavigationViewController.swift; sourceTree = "<group>"; };
		E972ADC22061933500B26980 /* AssignmentSessionViewController.swift */ = {isa = PBXFileReference; lastKnownFileType = sourcecode.swift; path = AssignmentSessionViewController.swift; sourceTree = "<group>"; };
		E972ADC42061935600B26980 /* AssignmentNotesViewController.swift */ = {isa = PBXFileReference; lastKnownFileType = sourcecode.swift; path = AssignmentNotesViewController.swift; sourceTree = "<group>"; };
		E97DF430205305F80050EA21 /* Assigned.app */ = {isa = PBXFileReference; explicitFileType = wrapper.application; includeInIndex = 0; path = Assigned.app; sourceTree = BUILT_PRODUCTS_DIR; };
		E97DF433205305F80050EA21 /* AppDelegate.swift */ = {isa = PBXFileReference; lastKnownFileType = sourcecode.swift; path = AppDelegate.swift; sourceTree = "<group>"; };
		E97DF438205305F80050EA21 /* Base */ = {isa = PBXFileReference; lastKnownFileType = file.storyboard; name = Base; path = Base.lproj/Main.storyboard; sourceTree = "<group>"; };
		E97DF43B205305F80050EA21 /* Assigned.xcdatamodel */ = {isa = PBXFileReference; lastKnownFileType = wrapper.xcdatamodel; path = Assigned.xcdatamodel; sourceTree = "<group>"; };
		E97DF43D205305F80050EA21 /* Assets.xcassets */ = {isa = PBXFileReference; lastKnownFileType = folder.assetcatalog; path = Assets.xcassets; sourceTree = "<group>"; };
		E97DF440205305F80050EA21 /* Base */ = {isa = PBXFileReference; lastKnownFileType = file.storyboard; name = Base; path = Base.lproj/LaunchScreen.storyboard; sourceTree = "<group>"; };
		E97DF442205305F80050EA21 /* Info.plist */ = {isa = PBXFileReference; lastKnownFileType = text.plist.xml; path = Info.plist; sourceTree = "<group>"; };
		E97DF447205305F80050EA21 /* AssignedTests.xctest */ = {isa = PBXFileReference; explicitFileType = wrapper.cfbundle; includeInIndex = 0; path = AssignedTests.xctest; sourceTree = BUILT_PRODUCTS_DIR; };
		E97DF44B205305F80050EA21 /* AssignedTests.swift */ = {isa = PBXFileReference; lastKnownFileType = sourcecode.swift; path = AssignedTests.swift; sourceTree = "<group>"; };
		E97DF44D205305F80050EA21 /* Info.plist */ = {isa = PBXFileReference; lastKnownFileType = text.plist.xml; path = Info.plist; sourceTree = "<group>"; };
		E97DF452205305F80050EA21 /* AssignedUITests.xctest */ = {isa = PBXFileReference; explicitFileType = wrapper.cfbundle; includeInIndex = 0; path = AssignedUITests.xctest; sourceTree = BUILT_PRODUCTS_DIR; };
		E97DF456205305F80050EA21 /* AssignedUITests.swift */ = {isa = PBXFileReference; lastKnownFileType = sourcecode.swift; path = AssignedUITests.swift; sourceTree = "<group>"; };
		E97DF458205305F80050EA21 /* Info.plist */ = {isa = PBXFileReference; lastKnownFileType = text.plist.xml; path = Info.plist; sourceTree = "<group>"; };
		E97DF46820530C2E0050EA21 /* Session+CoreDataClass.swift */ = {isa = PBXFileReference; lastKnownFileType = sourcecode.swift; path = "Session+CoreDataClass.swift"; sourceTree = "<group>"; };
		E97DF46A20530C2E0050EA21 /* Assignment+CoreDataClass.swift */ = {isa = PBXFileReference; lastKnownFileType = sourcecode.swift; path = "Assignment+CoreDataClass.swift"; sourceTree = "<group>"; };
		E980645A205335C100073B33 /* Folder+CoreDataClass.swift */ = {isa = PBXFileReference; lastKnownFileType = sourcecode.swift; path = "Folder+CoreDataClass.swift"; sourceTree = "<group>"; };
		E980645C2054B1CC00073B33 /* AssignmentTableViewCellModel.swift */ = {isa = PBXFileReference; lastKnownFileType = sourcecode.swift; path = AssignmentTableViewCellModel.swift; sourceTree = "<group>"; };
		E980645E2054B4FF00073B33 /* AssignmentViewController.swift */ = {isa = PBXFileReference; lastKnownFileType = sourcecode.swift; path = AssignmentViewController.swift; sourceTree = "<group>"; };
		E98064612054E5F400073B33 /* AssignmentViewModel.swift */ = {isa = PBXFileReference; lastKnownFileType = sourcecode.swift; path = AssignmentViewModel.swift; sourceTree = "<group>"; };
		E98064652054E68C00073B33 /* Assignment.storyboard */ = {isa = PBXFileReference; lastKnownFileType = file.storyboard; path = Assignment.storyboard; sourceTree = "<group>"; };
		E98064672054FAD700073B33 /* UITaskTableViewCell.swift */ = {isa = PBXFileReference; lastKnownFileType = sourcecode.swift; path = UITaskTableViewCell.swift; sourceTree = "<group>"; };
		E98E2F132054FD3300B1624A /* Task+CoreDataClass.swift */ = {isa = PBXFileReference; lastKnownFileType = sourcecode.swift; path = "Task+CoreDataClass.swift"; sourceTree = "<group>"; };
		E98E2F172055065000B1624A /* UITaskTableViewCell.xib */ = {isa = PBXFileReference; fileEncoding = 4; lastKnownFileType = file.xib; path = UITaskTableViewCell.xib; sourceTree = "<group>"; };
		E99D7C11205B1B0400FE7B07 /* UITimeBox.swift */ = {isa = PBXFileReference; lastKnownFileType = sourcecode.swift; path = UITimeBox.swift; sourceTree = "<group>"; };
		E99D7C13205B370800FE7B07 /* UITaskTableViewCell-TextField.xib */ = {isa = PBXFileReference; lastKnownFileType = file.xib; path = "UITaskTableViewCell-TextField.xib"; sourceTree = "<group>"; };
		E9C5D5CD20588A0800C42821 /* UICheckbox.swift */ = {isa = PBXFileReference; lastKnownFileType = sourcecode.swift; path = UICheckbox.swift; sourceTree = "<group>"; };
		E9C5D5CF20588FA100C42821 /* UIPriorityBox.swift */ = {isa = PBXFileReference; lastKnownFileType = sourcecode.swift; path = UIPriorityBox.swift; sourceTree = "<group>"; };
		E9CA1C0F2053144100B8936E /* PersistenceStack.swift */ = {isa = PBXFileReference; lastKnownFileType = sourcecode.swift; path = PersistenceStack.swift; sourceTree = "<group>"; };
		E9CA1C142053178500B8936E /* UIAssignmentTableViewCell.swift */ = {isa = PBXFileReference; lastKnownFileType = sourcecode.swift; path = UIAssignmentTableViewCell.swift; sourceTree = "<group>"; };
		E9CA1C152053178500B8936E /* UIAssignmentTableViewCell.xib */ = {isa = PBXFileReference; lastKnownFileType = file.xib; path = UIAssignmentTableViewCell.xib; sourceTree = "<group>"; };
		E9CA1C1820531A7800B8936E /* OrganizeTableViewController.swift */ = {isa = PBXFileReference; lastKnownFileType = sourcecode.swift; path = OrganizeTableViewController.swift; sourceTree = "<group>"; };
		E9CA1C1A20531E3600B8936E /* OragnizeViewModel.swift */ = {isa = PBXFileReference; lastKnownFileType = sourcecode.swift; path = OragnizeViewModel.swift; sourceTree = "<group>"; };
		E9CA1C1C20531F4300B8936E /* FetchedResultsTableViewController.swift */ = {isa = PBXFileReference; fileEncoding = 4; lastKnownFileType = sourcecode.swift; name = FetchedResultsTableViewController.swift; path = "../../../../Swift Source Files/FetchedResultsTableViewController.swift"; sourceTree = "<group>"; };
		E9CA1C1E2053208200B8936E /* UniversalExtentions.swift */ = {isa = PBXFileReference; fileEncoding = 4; lastKnownFileType = sourcecode.swift; name = UniversalExtentions.swift; path = "../../../../Swift Source Files/UniversalExtentions.swift"; sourceTree = "<group>"; };
		E9D51D7920532877006D8CEF /* DirectoryInfo+CoreDataClass.swift */ = {isa = PBXFileReference; lastKnownFileType = sourcecode.swift; path = "DirectoryInfo+CoreDataClass.swift"; sourceTree = "<group>"; };
		E9D51D7B20532877006D8CEF /* Directory+CoreDataClass.swift */ = {isa = PBXFileReference; lastKnownFileType = sourcecode.swift; path = "Directory+CoreDataClass.swift"; sourceTree = "<group>"; };
/* End PBXFileReference section */

/* Begin PBXFrameworksBuildPhase section */
		E97DF42D205305F80050EA21 /* Frameworks */ = {
			isa = PBXFrameworksBuildPhase;
			buildActionMask = 2147483647;
			files = (
			);
			runOnlyForDeploymentPostprocessing = 0;
		};
		E97DF444205305F80050EA21 /* Frameworks */ = {
			isa = PBXFrameworksBuildPhase;
			buildActionMask = 2147483647;
			files = (
			);
			runOnlyForDeploymentPostprocessing = 0;
		};
		E97DF44F205305F80050EA21 /* Frameworks */ = {
			isa = PBXFrameworksBuildPhase;
			buildActionMask = 2147483647;
			files = (
			);
			runOnlyForDeploymentPostprocessing = 0;
		};
/* End PBXFrameworksBuildPhase section */

/* Begin PBXGroup section */
		E972ADB7206189CF00B26980 /* Custom Views */ = {
			isa = PBXGroup;
			children = (
				E9CA1C112053173C00B8936E /* Table View Cells */,
				E9C5D5CD20588A0800C42821 /* UICheckbox.swift */,
				E9C5D5CF20588FA100C42821 /* UIPriorityBox.swift */,
				E99D7C11205B1B0400FE7B07 /* UITimeBox.swift */,
				E90D683B205B65F00038E2DF /* UIValidatedTextField.swift */,
				E972ADBC20618A5F00B26980 /* SessionDetailedViewModel.swift */,
				E972ADB820618A3D00B26980 /* SessionDetailedViewController.swift */,
				E972ADB920618A3D00B26980 /* SessionDetailedViewController.xib */,
				E972ADBE20618EC500B26980 /* Temp.xib */,
			);
			name = "Custom Views";
			sourceTree = "<group>";
		};
		E97DF427205305F80050EA21 = {
			isa = PBXGroup;
			children = (
				E97DF432205305F80050EA21 /* Assigned */,
				E97DF44A205305F80050EA21 /* AssignedTests */,
				E97DF455205305F80050EA21 /* AssignedUITests */,
				E97DF431205305F80050EA21 /* Products */,
			);
			sourceTree = "<group>";
		};
		E97DF431205305F80050EA21 /* Products */ = {
			isa = PBXGroup;
			children = (
				E97DF430205305F80050EA21 /* Assigned.app */,
				E97DF447205305F80050EA21 /* AssignedTests.xctest */,
				E97DF452205305F80050EA21 /* AssignedUITests.xctest */,
			);
			name = Products;
			sourceTree = "<group>";
		};
		E97DF432205305F80050EA21 /* Assigned */ = {
			isa = PBXGroup;
			children = (
				E97DF433205305F80050EA21 /* AppDelegate.swift */,
				E9CA1C1C20531F4300B8936E /* FetchedResultsTableViewController.swift */,
				E9CA1C1E2053208200B8936E /* UniversalExtentions.swift */,
				E97DF46720530BD80050EA21 /* Organize */,
				E97DF437205305F80050EA21 /* Main.storyboard */,
				E972ADB7206189CF00B26980 /* Custom Views */,
				E97DF46520530BC40050EA21 /* Services */,
				E97DF46420530BB60050EA21 /* Supporting Files */,
			);
			path = Assigned;
			sourceTree = "<group>";
		};
		E97DF44A205305F80050EA21 /* AssignedTests */ = {
			isa = PBXGroup;
			children = (
				E97DF44B205305F80050EA21 /* AssignedTests.swift */,
				E97DF44D205305F80050EA21 /* Info.plist */,
			);
			path = AssignedTests;
			sourceTree = "<group>";
		};
		E97DF455205305F80050EA21 /* AssignedUITests */ = {
			isa = PBXGroup;
			children = (
				E97DF456205305F80050EA21 /* AssignedUITests.swift */,
				E97DF458205305F80050EA21 /* Info.plist */,
			);
			path = AssignedUITests;
			sourceTree = "<group>";
		};
		E97DF46420530BB60050EA21 /* Supporting Files */ = {
			isa = PBXGroup;
			children = (
				E97DF43D205305F80050EA21 /* Assets.xcassets */,
				E97DF43F205305F80050EA21 /* LaunchScreen.storyboard */,
				E97DF442205305F80050EA21 /* Info.plist */,
			);
			name = "Supporting Files";
			sourceTree = "<group>";
		};
		E97DF46520530BC40050EA21 /* Services */ = {
			isa = PBXGroup;
			children = (
				E97DF46620530BCF0050EA21 /* Core Data */,
				E9CA1C0F2053144100B8936E /* PersistenceStack.swift */,
			);
			name = Services;
			sourceTree = "<group>";
		};
		E97DF46620530BCF0050EA21 /* Core Data */ = {
			isa = PBXGroup;
			children = (
				E9D51D7B20532877006D8CEF /* Directory+CoreDataClass.swift */,
				E9D51D7920532877006D8CEF /* DirectoryInfo+CoreDataClass.swift */,
				E97DF46A20530C2E0050EA21 /* Assignment+CoreDataClass.swift */,
				E98E2F132054FD3300B1624A /* Task+CoreDataClass.swift */,
				E980645A205335C100073B33 /* Folder+CoreDataClass.swift */,
				E97DF46820530C2E0050EA21 /* Session+CoreDataClass.swift */,
				E97DF43A205305F80050EA21 /* Assigned.xcdatamodeld */,
			);
			name = "Core Data";
			sourceTree = "<group>";
		};
		E97DF46720530BD80050EA21 /* Organize */ = {
			isa = PBXGroup;
			children = (
				E9CA1C1A20531E3600B8936E /* OragnizeViewModel.swift */,
				E9CA1C1820531A7800B8936E /* OrganizeTableViewController.swift */,
				E98064602054E5E100073B33 /* Assigned Editor */,
			);
			name = Organize;
			sourceTree = "<group>";
		};
		E98064602054E5E100073B33 /* Assigned Editor */ = {
			isa = PBXGroup;
			children = (
				E972ADC02061925400B26980 /* AssignmentNavigationViewController.swift */,
				E98064612054E5F400073B33 /* AssignmentViewModel.swift */,
				E980645E2054B4FF00073B33 /* AssignmentViewController.swift */,
				E972ADC22061933500B26980 /* AssignmentSessionViewController.swift */,
				E972ADC42061935600B26980 /* AssignmentNotesViewController.swift */,
				E98064652054E68C00073B33 /* Assignment.storyboard */,
			);
			name = "Assigned Editor";
			sourceTree = "<group>";
		};
		E9CA1C112053173C00B8936E /* Table View Cells */ = {
			isa = PBXGroup;
			children = (
				E980645C2054B1CC00073B33 /* AssignmentTableViewCellModel.swift */,
				E9CA1C142053178500B8936E /* UIAssignmentTableViewCell.swift */,
				E9CA1C152053178500B8936E /* UIAssignmentTableViewCell.xib */,
				E98064672054FAD700073B33 /* UITaskTableViewCell.swift */,
				E98E2F172055065000B1624A /* UITaskTableViewCell.xib */,
				E99D7C13205B370800FE7B07 /* UITaskTableViewCell-TextField.xib */,
				E90D6837205B65CF0038E2DF /* UITextFieldTableViewCell.swift */,
				E90D6838205B65CF0038E2DF /* UITextFieldTableViewCell.xib */,
			);
			name = "Table View Cells";
			sourceTree = "<group>";
		};
/* End PBXGroup section */

/* Begin PBXNativeTarget section */
		E97DF42F205305F80050EA21 /* Assigned */ = {
			isa = PBXNativeTarget;
			buildConfigurationList = E97DF45B205305F80050EA21 /* Build configuration list for PBXNativeTarget "Assigned" */;
			buildPhases = (
				E97DF42C205305F80050EA21 /* Sources */,
				E97DF42D205305F80050EA21 /* Frameworks */,
				E97DF42E205305F80050EA21 /* Resources */,
			);
			buildRules = (
			);
			dependencies = (
			);
			name = Assigned;
			productName = Assigned;
			productReference = E97DF430205305F80050EA21 /* Assigned.app */;
			productType = "com.apple.product-type.application";
		};
		E97DF446205305F80050EA21 /* AssignedTests */ = {
			isa = PBXNativeTarget;
			buildConfigurationList = E97DF45E205305F80050EA21 /* Build configuration list for PBXNativeTarget "AssignedTests" */;
			buildPhases = (
				E97DF443205305F80050EA21 /* Sources */,
				E97DF444205305F80050EA21 /* Frameworks */,
				E97DF445205305F80050EA21 /* Resources */,
			);
			buildRules = (
			);
			dependencies = (
				E97DF449205305F80050EA21 /* PBXTargetDependency */,
			);
			name = AssignedTests;
			productName = AssignedTests;
			productReference = E97DF447205305F80050EA21 /* AssignedTests.xctest */;
			productType = "com.apple.product-type.bundle.unit-test";
		};
		E97DF451205305F80050EA21 /* AssignedUITests */ = {
			isa = PBXNativeTarget;
			buildConfigurationList = E97DF461205305F80050EA21 /* Build configuration list for PBXNativeTarget "AssignedUITests" */;
			buildPhases = (
				E97DF44E205305F80050EA21 /* Sources */,
				E97DF44F205305F80050EA21 /* Frameworks */,
				E97DF450205305F80050EA21 /* Resources */,
			);
			buildRules = (
			);
			dependencies = (
				E97DF454205305F80050EA21 /* PBXTargetDependency */,
			);
			name = AssignedUITests;
			productName = AssignedUITests;
			productReference = E97DF452205305F80050EA21 /* AssignedUITests.xctest */;
			productType = "com.apple.product-type.bundle.ui-testing";
		};
/* End PBXNativeTarget section */

/* Begin PBXProject section */
		E97DF428205305F80050EA21 /* Project object */ = {
			isa = PBXProject;
			attributes = {
				LastSwiftUpdateCheck = 0920;
				LastUpgradeCheck = 0920;
				ORGANIZATIONNAME = LinnierGames;
				TargetAttributes = {
					E97DF42F205305F80050EA21 = {
						CreatedOnToolsVersion = 9.2;
						ProvisioningStyle = Automatic;
					};
					E97DF446205305F80050EA21 = {
						CreatedOnToolsVersion = 9.2;
						ProvisioningStyle = Automatic;
						TestTargetID = E97DF42F205305F80050EA21;
					};
					E97DF451205305F80050EA21 = {
						CreatedOnToolsVersion = 9.2;
						ProvisioningStyle = Automatic;
						TestTargetID = E97DF42F205305F80050EA21;
					};
				};
			};
			buildConfigurationList = E97DF42B205305F80050EA21 /* Build configuration list for PBXProject "Assigned" */;
			compatibilityVersion = "Xcode 8.0";
			developmentRegion = en;
			hasScannedForEncodings = 0;
			knownRegions = (
				en,
				Base,
			);
			mainGroup = E97DF427205305F80050EA21;
			productRefGroup = E97DF431205305F80050EA21 /* Products */;
			projectDirPath = "";
			projectRoot = "";
			targets = (
				E97DF42F205305F80050EA21 /* Assigned */,
				E97DF446205305F80050EA21 /* AssignedTests */,
				E97DF451205305F80050EA21 /* AssignedUITests */,
			);
		};
/* End PBXProject section */

/* Begin PBXResourcesBuildPhase section */
		E97DF42E205305F80050EA21 /* Resources */ = {
			isa = PBXResourcesBuildPhase;
			buildActionMask = 2147483647;
			files = (
				E972ADBB20618A3D00B26980 /* SessionDetailedViewController.xib in Resources */,
				E972ADBF20618EC500B26980 /* Temp.xib in Resources */,
				E97DF441205305F80050EA21 /* LaunchScreen.storyboard in Resources */,
				E97DF43E205305F80050EA21 /* Assets.xcassets in Resources */,
				E97DF439205305F80050EA21 /* Main.storyboard in Resources */,
				E9CA1C172053178500B8936E /* UIAssignmentTableViewCell.xib in Resources */,
				E98E2F182055065100B1624A /* UITaskTableViewCell.xib in Resources */,
				E99D7C14205B370800FE7B07 /* UITaskTableViewCell-TextField.xib in Resources */,
				E98064662054E68C00073B33 /* Assignment.storyboard in Resources */,
				E90D683A205B65D00038E2DF /* UITextFieldTableViewCell.xib in Resources */,
			);
			runOnlyForDeploymentPostprocessing = 0;
		};
		E97DF445205305F80050EA21 /* Resources */ = {
			isa = PBXResourcesBuildPhase;
			buildActionMask = 2147483647;
			files = (
			);
			runOnlyForDeploymentPostprocessing = 0;
		};
		E97DF450205305F80050EA21 /* Resources */ = {
			isa = PBXResourcesBuildPhase;
			buildActionMask = 2147483647;
			files = (
			);
			runOnlyForDeploymentPostprocessing = 0;
		};
/* End PBXResourcesBuildPhase section */

/* Begin PBXSourcesBuildPhase section */
		E97DF42C205305F80050EA21 /* Sources */ = {
			isa = PBXSourcesBuildPhase;
			buildActionMask = 2147483647;
			files = (
				E9D51D7F20532877006D8CEF /* Directory+CoreDataClass.swift in Sources */,
				E9CA1C102053144100B8936E /* PersistenceStack.swift in Sources */,
				E9D51D7D20532877006D8CEF /* DirectoryInfo+CoreDataClass.swift in Sources */,
				E972ADC52061935600B26980 /* AssignmentNotesViewController.swift in Sources */,
				E97DF43C205305F80050EA21 /* Assigned.xcdatamodeld in Sources */,
				E9CA1C1F2053208200B8936E /* UniversalExtentions.swift in Sources */,
				E980645F2054B4FF00073B33 /* AssignmentViewController.swift in Sources */,
				E9CA1C1B20531E3600B8936E /* OragnizeViewModel.swift in Sources */,
				E980645D2054B1CC00073B33 /* AssignmentTableViewCellModel.swift in Sources */,
				E97DF46C20530C2E0050EA21 /* Session+CoreDataClass.swift in Sources */,
				E972ADBA20618A3D00B26980 /* SessionDetailedViewController.swift in Sources */,
				E98064622054E5F400073B33 /* AssignmentViewModel.swift in Sources */,
				E98E2F152054FD3300B1624A /* Task+CoreDataClass.swift in Sources */,
				E980645B205335C100073B33 /* Folder+CoreDataClass.swift in Sources */,
				E972ADC32061933500B26980 /* AssignmentSessionViewController.swift in Sources */,
				E98064692054FAD700073B33 /* UITaskTableViewCell.swift in Sources */,
				E97DF46E20530C2E0050EA21 /* Assignment+CoreDataClass.swift in Sources */,
				E90D683C205B65F00038E2DF /* UIValidatedTextField.swift in Sources */,
				E972ADBD20618A5F00B26980 /* SessionDetailedViewModel.swift in Sources */,
				E9CA1C1D20531F4300B8936E /* FetchedResultsTableViewController.swift in Sources */,
				E9C5D5D020588FA100C42821 /* UIPriorityBox.swift in Sources */,
				E972ADC12061925400B26980 /* AssignmentNavigationViewController.swift in Sources */,
				E97DF434205305F80050EA21 /* AppDelegate.swift in Sources */,
				E90D6839205B65D00038E2DF /* UITextFieldTableViewCell.swift in Sources */,
				E99D7C12205B1B0400FE7B07 /* UITimeBox.swift in Sources */,
				E9CA1C1920531A7800B8936E /* OrganizeTableViewController.swift in Sources */,
				E9C5D5CE20588A0800C42821 /* UICheckbox.swift in Sources */,
				E9CA1C162053178500B8936E /* UIAssignmentTableViewCell.swift in Sources */,
			);
			runOnlyForDeploymentPostprocessing = 0;
		};
		E97DF443205305F80050EA21 /* Sources */ = {
			isa = PBXSourcesBuildPhase;
			buildActionMask = 2147483647;
			files = (
				E97DF44C205305F80050EA21 /* AssignedTests.swift in Sources */,
			);
			runOnlyForDeploymentPostprocessing = 0;
		};
		E97DF44E205305F80050EA21 /* Sources */ = {
			isa = PBXSourcesBuildPhase;
			buildActionMask = 2147483647;
			files = (
				E97DF457205305F80050EA21 /* AssignedUITests.swift in Sources */,
			);
			runOnlyForDeploymentPostprocessing = 0;
		};
/* End PBXSourcesBuildPhase section */

/* Begin PBXTargetDependency section */
		E97DF449205305F80050EA21 /* PBXTargetDependency */ = {
			isa = PBXTargetDependency;
			target = E97DF42F205305F80050EA21 /* Assigned */;
			targetProxy = E97DF448205305F80050EA21 /* PBXContainerItemProxy */;
		};
		E97DF454205305F80050EA21 /* PBXTargetDependency */ = {
			isa = PBXTargetDependency;
			target = E97DF42F205305F80050EA21 /* Assigned */;
			targetProxy = E97DF453205305F80050EA21 /* PBXContainerItemProxy */;
		};
/* End PBXTargetDependency section */

/* Begin PBXVariantGroup section */
		E97DF437205305F80050EA21 /* Main.storyboard */ = {
			isa = PBXVariantGroup;
			children = (
				E97DF438205305F80050EA21 /* Base */,
			);
			name = Main.storyboard;
			sourceTree = "<group>";
		};
		E97DF43F205305F80050EA21 /* LaunchScreen.storyboard */ = {
			isa = PBXVariantGroup;
			children = (
				E97DF440205305F80050EA21 /* Base */,
			);
			name = LaunchScreen.storyboard;
			sourceTree = "<group>";
		};
/* End PBXVariantGroup section */

/* Begin XCBuildConfiguration section */
		E97DF459205305F80050EA21 /* Debug */ = {
			isa = XCBuildConfiguration;
			buildSettings = {
				ALWAYS_SEARCH_USER_PATHS = NO;
				CLANG_ANALYZER_NONNULL = YES;
				CLANG_ANALYZER_NUMBER_OBJECT_CONVERSION = YES_AGGRESSIVE;
				CLANG_CXX_LANGUAGE_STANDARD = "gnu++14";
				CLANG_CXX_LIBRARY = "libc++";
				CLANG_ENABLE_MODULES = YES;
				CLANG_ENABLE_OBJC_ARC = YES;
				CLANG_WARN_BLOCK_CAPTURE_AUTORELEASING = YES;
				CLANG_WARN_BOOL_CONVERSION = YES;
				CLANG_WARN_COMMA = YES;
				CLANG_WARN_CONSTANT_CONVERSION = YES;
				CLANG_WARN_DIRECT_OBJC_ISA_USAGE = YES_ERROR;
				CLANG_WARN_DOCUMENTATION_COMMENTS = YES;
				CLANG_WARN_EMPTY_BODY = YES;
				CLANG_WARN_ENUM_CONVERSION = YES;
				CLANG_WARN_INFINITE_RECURSION = YES;
				CLANG_WARN_INT_CONVERSION = YES;
				CLANG_WARN_NON_LITERAL_NULL_CONVERSION = YES;
				CLANG_WARN_OBJC_LITERAL_CONVERSION = YES;
				CLANG_WARN_OBJC_ROOT_CLASS = YES_ERROR;
				CLANG_WARN_RANGE_LOOP_ANALYSIS = YES;
				CLANG_WARN_STRICT_PROTOTYPES = YES;
				CLANG_WARN_SUSPICIOUS_MOVE = YES;
				CLANG_WARN_UNGUARDED_AVAILABILITY = YES_AGGRESSIVE;
				CLANG_WARN_UNREACHABLE_CODE = YES;
				CLANG_WARN__DUPLICATE_METHOD_MATCH = YES;
				CODE_SIGN_IDENTITY = "iPhone Developer";
				COPY_PHASE_STRIP = NO;
				DEBUG_INFORMATION_FORMAT = dwarf;
				ENABLE_STRICT_OBJC_MSGSEND = YES;
				ENABLE_TESTABILITY = YES;
				GCC_C_LANGUAGE_STANDARD = gnu11;
				GCC_DYNAMIC_NO_PIC = NO;
				GCC_NO_COMMON_BLOCKS = YES;
				GCC_OPTIMIZATION_LEVEL = 0;
				GCC_PREPROCESSOR_DEFINITIONS = (
					"DEBUG=1",
					"$(inherited)",
				);
				GCC_WARN_64_TO_32_BIT_CONVERSION = YES;
				GCC_WARN_ABOUT_RETURN_TYPE = YES_ERROR;
				GCC_WARN_UNDECLARED_SELECTOR = YES;
				GCC_WARN_UNINITIALIZED_AUTOS = YES_AGGRESSIVE;
				GCC_WARN_UNUSED_FUNCTION = YES;
				GCC_WARN_UNUSED_VARIABLE = YES;
				IPHONEOS_DEPLOYMENT_TARGET = 11.2;
				MTL_ENABLE_DEBUG_INFO = YES;
				ONLY_ACTIVE_ARCH = YES;
				SDKROOT = iphoneos;
				SWIFT_ACTIVE_COMPILATION_CONDITIONS = DEBUG;
				SWIFT_OPTIMIZATION_LEVEL = "-Onone";
			};
			name = Debug;
		};
		E97DF45A205305F80050EA21 /* Release */ = {
			isa = XCBuildConfiguration;
			buildSettings = {
				ALWAYS_SEARCH_USER_PATHS = NO;
				CLANG_ANALYZER_NONNULL = YES;
				CLANG_ANALYZER_NUMBER_OBJECT_CONVERSION = YES_AGGRESSIVE;
				CLANG_CXX_LANGUAGE_STANDARD = "gnu++14";
				CLANG_CXX_LIBRARY = "libc++";
				CLANG_ENABLE_MODULES = YES;
				CLANG_ENABLE_OBJC_ARC = YES;
				CLANG_WARN_BLOCK_CAPTURE_AUTORELEASING = YES;
				CLANG_WARN_BOOL_CONVERSION = YES;
				CLANG_WARN_COMMA = YES;
				CLANG_WARN_CONSTANT_CONVERSION = YES;
				CLANG_WARN_DIRECT_OBJC_ISA_USAGE = YES_ERROR;
				CLANG_WARN_DOCUMENTATION_COMMENTS = YES;
				CLANG_WARN_EMPTY_BODY = YES;
				CLANG_WARN_ENUM_CONVERSION = YES;
				CLANG_WARN_INFINITE_RECURSION = YES;
				CLANG_WARN_INT_CONVERSION = YES;
				CLANG_WARN_NON_LITERAL_NULL_CONVERSION = YES;
				CLANG_WARN_OBJC_LITERAL_CONVERSION = YES;
				CLANG_WARN_OBJC_ROOT_CLASS = YES_ERROR;
				CLANG_WARN_RANGE_LOOP_ANALYSIS = YES;
				CLANG_WARN_STRICT_PROTOTYPES = YES;
				CLANG_WARN_SUSPICIOUS_MOVE = YES;
				CLANG_WARN_UNGUARDED_AVAILABILITY = YES_AGGRESSIVE;
				CLANG_WARN_UNREACHABLE_CODE = YES;
				CLANG_WARN__DUPLICATE_METHOD_MATCH = YES;
				CODE_SIGN_IDENTITY = "iPhone Developer";
				COPY_PHASE_STRIP = NO;
				DEBUG_INFORMATION_FORMAT = "dwarf-with-dsym";
				ENABLE_NS_ASSERTIONS = NO;
				ENABLE_STRICT_OBJC_MSGSEND = YES;
				GCC_C_LANGUAGE_STANDARD = gnu11;
				GCC_NO_COMMON_BLOCKS = YES;
				GCC_WARN_64_TO_32_BIT_CONVERSION = YES;
				GCC_WARN_ABOUT_RETURN_TYPE = YES_ERROR;
				GCC_WARN_UNDECLARED_SELECTOR = YES;
				GCC_WARN_UNINITIALIZED_AUTOS = YES_AGGRESSIVE;
				GCC_WARN_UNUSED_FUNCTION = YES;
				GCC_WARN_UNUSED_VARIABLE = YES;
				IPHONEOS_DEPLOYMENT_TARGET = 11.2;
				MTL_ENABLE_DEBUG_INFO = NO;
				SDKROOT = iphoneos;
				SWIFT_OPTIMIZATION_LEVEL = "-Owholemodule";
				VALIDATE_PRODUCT = YES;
			};
			name = Release;
		};
		E97DF45C205305F80050EA21 /* Debug */ = {
			isa = XCBuildConfiguration;
			buildSettings = {
				ASSETCATALOG_COMPILER_APPICON_NAME = AppIcon;
				CODE_SIGN_STYLE = Automatic;
				DEVELOPMENT_TEAM = 8U3L6K9JA6;
				INFOPLIST_FILE = Assigned/Info.plist;
				LD_RUNPATH_SEARCH_PATHS = "$(inherited) @executable_path/Frameworks";
				PRODUCT_BUNDLE_IDENTIFIER = com.linniergames.Assigned;
				PRODUCT_NAME = "$(TARGET_NAME)";
				SWIFT_VERSION = 4.0;
				TARGETED_DEVICE_FAMILY = "1,2";
			};
			name = Debug;
		};
		E97DF45D205305F80050EA21 /* Release */ = {
			isa = XCBuildConfiguration;
			buildSettings = {
				ASSETCATALOG_COMPILER_APPICON_NAME = AppIcon;
				CODE_SIGN_STYLE = Automatic;
				DEVELOPMENT_TEAM = 8U3L6K9JA6;
				INFOPLIST_FILE = Assigned/Info.plist;
				LD_RUNPATH_SEARCH_PATHS = "$(inherited) @executable_path/Frameworks";
				PRODUCT_BUNDLE_IDENTIFIER = com.linniergames.Assigned;
				PRODUCT_NAME = "$(TARGET_NAME)";
				SWIFT_VERSION = 4.0;
				TARGETED_DEVICE_FAMILY = "1,2";
			};
			name = Release;
		};
		E97DF45F205305F80050EA21 /* Debug */ = {
			isa = XCBuildConfiguration;
			buildSettings = {
				ALWAYS_EMBED_SWIFT_STANDARD_LIBRARIES = YES;
				BUNDLE_LOADER = "$(TEST_HOST)";
				CODE_SIGN_STYLE = Automatic;
				DEVELOPMENT_TEAM = 8U3L6K9JA6;
				INFOPLIST_FILE = AssignedTests/Info.plist;
				LD_RUNPATH_SEARCH_PATHS = "$(inherited) @executable_path/Frameworks @loader_path/Frameworks";
				PRODUCT_BUNDLE_IDENTIFIER = com.linniergames.AssignedTests;
				PRODUCT_NAME = "$(TARGET_NAME)";
				SWIFT_VERSION = 4.0;
				TARGETED_DEVICE_FAMILY = "1,2";
				TEST_HOST = "$(BUILT_PRODUCTS_DIR)/Assigned.app/Assigned";
			};
			name = Debug;
		};
		E97DF460205305F80050EA21 /* Release */ = {
			isa = XCBuildConfiguration;
			buildSettings = {
				ALWAYS_EMBED_SWIFT_STANDARD_LIBRARIES = YES;
				BUNDLE_LOADER = "$(TEST_HOST)";
				CODE_SIGN_STYLE = Automatic;
				DEVELOPMENT_TEAM = 8U3L6K9JA6;
				INFOPLIST_FILE = AssignedTests/Info.plist;
				LD_RUNPATH_SEARCH_PATHS = "$(inherited) @executable_path/Frameworks @loader_path/Frameworks";
				PRODUCT_BUNDLE_IDENTIFIER = com.linniergames.AssignedTests;
				PRODUCT_NAME = "$(TARGET_NAME)";
				SWIFT_VERSION = 4.0;
				TARGETED_DEVICE_FAMILY = "1,2";
				TEST_HOST = "$(BUILT_PRODUCTS_DIR)/Assigned.app/Assigned";
			};
			name = Release;
		};
		E97DF462205305F80050EA21 /* Debug */ = {
			isa = XCBuildConfiguration;
			buildSettings = {
				ALWAYS_EMBED_SWIFT_STANDARD_LIBRARIES = YES;
				CODE_SIGN_STYLE = Automatic;
				DEVELOPMENT_TEAM = 8U3L6K9JA6;
				INFOPLIST_FILE = AssignedUITests/Info.plist;
				LD_RUNPATH_SEARCH_PATHS = "$(inherited) @executable_path/Frameworks @loader_path/Frameworks";
				PRODUCT_BUNDLE_IDENTIFIER = com.linniergames.AssignedUITests;
				PRODUCT_NAME = "$(TARGET_NAME)";
				SWIFT_VERSION = 4.0;
				TARGETED_DEVICE_FAMILY = "1,2";
				TEST_TARGET_NAME = Assigned;
			};
			name = Debug;
		};
		E97DF463205305F80050EA21 /* Release */ = {
			isa = XCBuildConfiguration;
			buildSettings = {
				ALWAYS_EMBED_SWIFT_STANDARD_LIBRARIES = YES;
				CODE_SIGN_STYLE = Automatic;
				DEVELOPMENT_TEAM = 8U3L6K9JA6;
				INFOPLIST_FILE = AssignedUITests/Info.plist;
				LD_RUNPATH_SEARCH_PATHS = "$(inherited) @executable_path/Frameworks @loader_path/Frameworks";
				PRODUCT_BUNDLE_IDENTIFIER = com.linniergames.AssignedUITests;
				PRODUCT_NAME = "$(TARGET_NAME)";
				SWIFT_VERSION = 4.0;
				TARGETED_DEVICE_FAMILY = "1,2";
				TEST_TARGET_NAME = Assigned;
			};
			name = Release;
		};
/* End XCBuildConfiguration section */

/* Begin XCConfigurationList section */
		E97DF42B205305F80050EA21 /* Build configuration list for PBXProject "Assigned" */ = {
			isa = XCConfigurationList;
			buildConfigurations = (
				E97DF459205305F80050EA21 /* Debug */,
				E97DF45A205305F80050EA21 /* Release */,
			);
			defaultConfigurationIsVisible = 0;
			defaultConfigurationName = Release;
		};
		E97DF45B205305F80050EA21 /* Build configuration list for PBXNativeTarget "Assigned" */ = {
			isa = XCConfigurationList;
			buildConfigurations = (
				E97DF45C205305F80050EA21 /* Debug */,
				E97DF45D205305F80050EA21 /* Release */,
			);
			defaultConfigurationIsVisible = 0;
			defaultConfigurationName = Release;
		};
		E97DF45E205305F80050EA21 /* Build configuration list for PBXNativeTarget "AssignedTests" */ = {
			isa = XCConfigurationList;
			buildConfigurations = (
				E97DF45F205305F80050EA21 /* Debug */,
				E97DF460205305F80050EA21 /* Release */,
			);
			defaultConfigurationIsVisible = 0;
			defaultConfigurationName = Release;
		};
		E97DF461205305F80050EA21 /* Build configuration list for PBXNativeTarget "AssignedUITests" */ = {
			isa = XCConfigurationList;
			buildConfigurations = (
				E97DF462205305F80050EA21 /* Debug */,
				E97DF463205305F80050EA21 /* Release */,
			);
			defaultConfigurationIsVisible = 0;
			defaultConfigurationName = Release;
		};
/* End XCConfigurationList section */

/* Begin XCVersionGroup section */
		E97DF43A205305F80050EA21 /* Assigned.xcdatamodeld */ = {
			isa = XCVersionGroup;
			children = (
				E97DF43B205305F80050EA21 /* Assigned.xcdatamodel */,
			);
			currentVersion = E97DF43B205305F80050EA21 /* Assigned.xcdatamodel */;
			path = Assigned.xcdatamodeld;
			sourceTree = "<group>";
			versionGroupType = wrapper.xcdatamodel;
		};
/* End XCVersionGroup section */
	};
	rootObject = E97DF428205305F80050EA21 /* Project object */;
}
